// !$*UTF8*$!
{
	archiveVersion = 1;
	classes = {
	};
	objectVersion = 56;
	objects = {

/* Begin PBXBuildFile section */
		68DAFE272C1D704A004C02A5 /* InfoPopOverVC.swift in Sources */ = {isa = PBXBuildFile; fileRef = 68DAFE262C1D704A004C02A5 /* InfoPopOverVC.swift */; };
		68DAFE282C1D704A004C02A5 /* InfoPopOverVC.swift in Sources */ = {isa = PBXBuildFile; fileRef = 68DAFE262C1D704A004C02A5 /* InfoPopOverVC.swift */; };
		68DAFE292C1D704A004C02A5 /* InfoPopOverVC.swift in Sources */ = {isa = PBXBuildFile; fileRef = 68DAFE262C1D704A004C02A5 /* InfoPopOverVC.swift */; };
		68F1556E2C0E1CAC00608EC0 /* AppDelegate.swift in Sources */ = {isa = PBXBuildFile; fileRef = 68F1556D2C0E1CAC00608EC0 /* AppDelegate.swift */; };
		68F155702C0E1CAC00608EC0 /* SceneDelegate.swift in Sources */ = {isa = PBXBuildFile; fileRef = 68F1556F2C0E1CAC00608EC0 /* SceneDelegate.swift */; };
		68F155722C0E1CAC00608EC0 /* ViewController.swift in Sources */ = {isa = PBXBuildFile; fileRef = 68F155712C0E1CAC00608EC0 /* ViewController.swift */; };
		68F155752C0E1CAC00608EC0 /* Main.storyboard in Resources */ = {isa = PBXBuildFile; fileRef = 68F155732C0E1CAC00608EC0 /* Main.storyboard */; };
		68F155772C0E1CAD00608EC0 /* Assets.xcassets in Resources */ = {isa = PBXBuildFile; fileRef = 68F155762C0E1CAD00608EC0 /* Assets.xcassets */; };
		68F1557A2C0E1CAD00608EC0 /* LaunchScreen.storyboard in Resources */ = {isa = PBXBuildFile; fileRef = 68F155782C0E1CAD00608EC0 /* LaunchScreen.storyboard */; };
		68F155852C0E1CAD00608EC0 /* eyeEx2Tests.swift in Sources */ = {isa = PBXBuildFile; fileRef = 68F155842C0E1CAD00608EC0 /* eyeEx2Tests.swift */; };
		68F1558F2C0E1CAD00608EC0 /* eyeEx2UITests.swift in Sources */ = {isa = PBXBuildFile; fileRef = 68F1558E2C0E1CAD00608EC0 /* eyeEx2UITests.swift */; };
		68F155912C0E1CAD00608EC0 /* eyeEx2UITestsLaunchTests.swift in Sources */ = {isa = PBXBuildFile; fileRef = 68F155902C0E1CAD00608EC0 /* eyeEx2UITestsLaunchTests.swift */; };
/* End PBXBuildFile section */

/* Begin PBXContainerItemProxy section */
		68F155812C0E1CAD00608EC0 /* PBXContainerItemProxy */ = {
			isa = PBXContainerItemProxy;
			containerPortal = 68F155622C0E1CAC00608EC0 /* Project object */;
			proxyType = 1;
			remoteGlobalIDString = 68F155692C0E1CAC00608EC0;
			remoteInfo = eyeEx2;
		};
		68F1558B2C0E1CAD00608EC0 /* PBXContainerItemProxy */ = {
			isa = PBXContainerItemProxy;
			containerPortal = 68F155622C0E1CAC00608EC0 /* Project object */;
			proxyType = 1;
			remoteGlobalIDString = 68F155692C0E1CAC00608EC0;
			remoteInfo = eyeEx2;
		};
/* End PBXContainerItemProxy section */

/* Begin PBXFileReference section */
		68DAFE262C1D704A004C02A5 /* InfoPopOverVC.swift */ = {isa = PBXFileReference; lastKnownFileType = sourcecode.swift; path = InfoPopOverVC.swift; sourceTree = "<group>"; };
		68F1556A2C0E1CAC00608EC0 /* eyeEx2.app */ = {isa = PBXFileReference; explicitFileType = wrapper.application; includeInIndex = 0; path = eyeEx2.app; sourceTree = BUILT_PRODUCTS_DIR; };
		68F1556D2C0E1CAC00608EC0 /* AppDelegate.swift */ = {isa = PBXFileReference; lastKnownFileType = sourcecode.swift; path = AppDelegate.swift; sourceTree = "<group>"; };
		68F1556F2C0E1CAC00608EC0 /* SceneDelegate.swift */ = {isa = PBXFileReference; lastKnownFileType = sourcecode.swift; path = SceneDelegate.swift; sourceTree = "<group>"; };
		68F155712C0E1CAC00608EC0 /* ViewController.swift */ = {isa = PBXFileReference; lastKnownFileType = sourcecode.swift; path = ViewController.swift; sourceTree = "<group>"; };
		68F155742C0E1CAC00608EC0 /* Base */ = {isa = PBXFileReference; lastKnownFileType = file.storyboard; name = Base; path = Base.lproj/Main.storyboard; sourceTree = "<group>"; };
		68F155762C0E1CAD00608EC0 /* Assets.xcassets */ = {isa = PBXFileReference; lastKnownFileType = folder.assetcatalog; path = Assets.xcassets; sourceTree = "<group>"; };
		68F155792C0E1CAD00608EC0 /* Base */ = {isa = PBXFileReference; lastKnownFileType = file.storyboard; name = Base; path = Base.lproj/LaunchScreen.storyboard; sourceTree = "<group>"; };
		68F1557B2C0E1CAD00608EC0 /* Info.plist */ = {isa = PBXFileReference; lastKnownFileType = text.plist.xml; path = Info.plist; sourceTree = "<group>"; };
		68F155802C0E1CAD00608EC0 /* eyeEx2Tests.xctest */ = {isa = PBXFileReference; explicitFileType = wrapper.cfbundle; includeInIndex = 0; path = eyeEx2Tests.xctest; sourceTree = BUILT_PRODUCTS_DIR; };
		68F155842C0E1CAD00608EC0 /* eyeEx2Tests.swift */ = {isa = PBXFileReference; lastKnownFileType = sourcecode.swift; path = eyeEx2Tests.swift; sourceTree = "<group>"; };
		68F1558A2C0E1CAD00608EC0 /* eyeEx2UITests.xctest */ = {isa = PBXFileReference; explicitFileType = wrapper.cfbundle; includeInIndex = 0; path = eyeEx2UITests.xctest; sourceTree = BUILT_PRODUCTS_DIR; };
		68F1558E2C0E1CAD00608EC0 /* eyeEx2UITests.swift */ = {isa = PBXFileReference; lastKnownFileType = sourcecode.swift; path = eyeEx2UITests.swift; sourceTree = "<group>"; };
		68F155902C0E1CAD00608EC0 /* eyeEx2UITestsLaunchTests.swift */ = {isa = PBXFileReference; lastKnownFileType = sourcecode.swift; path = eyeEx2UITestsLaunchTests.swift; sourceTree = "<group>"; };
/* End PBXFileReference section */

/* Begin PBXFrameworksBuildPhase section */
		68F155672C0E1CAC00608EC0 /* Frameworks */ = {
			isa = PBXFrameworksBuildPhase;
			buildActionMask = 2147483647;
			files = (
			);
			runOnlyForDeploymentPostprocessing = 0;
		};
		68F1557D2C0E1CAD00608EC0 /* Frameworks */ = {
			isa = PBXFrameworksBuildPhase;
			buildActionMask = 2147483647;
			files = (
			);
			runOnlyForDeploymentPostprocessing = 0;
		};
		68F155872C0E1CAD00608EC0 /* Frameworks */ = {
			isa = PBXFrameworksBuildPhase;
			buildActionMask = 2147483647;
			files = (
			);
			runOnlyForDeploymentPostprocessing = 0;
		};
/* End PBXFrameworksBuildPhase section */

/* Begin PBXGroup section */
		68F155612C0E1CAC00608EC0 = {
			isa = PBXGroup;
			children = (
				68F1556C2C0E1CAC00608EC0 /* eyeEx2 */,
				68F155832C0E1CAD00608EC0 /* eyeEx2Tests */,
				68F1558D2C0E1CAD00608EC0 /* eyeEx2UITests */,
				68F1556B2C0E1CAC00608EC0 /* Products */,
				FF73C98E071DCFBDC741BB87 /* Pods */,
			);
			sourceTree = "<group>";
		};
		68F1556B2C0E1CAC00608EC0 /* Products */ = {
			isa = PBXGroup;
			children = (
				68F1556A2C0E1CAC00608EC0 /* eyeEx2.app */,
				68F155802C0E1CAD00608EC0 /* eyeEx2Tests.xctest */,
				68F1558A2C0E1CAD00608EC0 /* eyeEx2UITests.xctest */,
			);
			name = Products;
			sourceTree = "<group>";
		};
		68F1556C2C0E1CAC00608EC0 /* eyeEx2 */ = {
			isa = PBXGroup;
			children = (
				68F1556D2C0E1CAC00608EC0 /* AppDelegate.swift */,
				68F1556F2C0E1CAC00608EC0 /* SceneDelegate.swift */,
				68F155712C0E1CAC00608EC0 /* ViewController.swift */,
				68F155732C0E1CAC00608EC0 /* Main.storyboard */,
				68DAFE262C1D704A004C02A5 /* InfoPopOverVC.swift */,
				68F155762C0E1CAD00608EC0 /* Assets.xcassets */,
				68F155782C0E1CAD00608EC0 /* LaunchScreen.storyboard */,
				68F1557B2C0E1CAD00608EC0 /* Info.plist */,
			);
			path = eyeEx2;
			sourceTree = "<group>";
		};
		68F155832C0E1CAD00608EC0 /* eyeEx2Tests */ = {
			isa = PBXGroup;
			children = (
				68F155842C0E1CAD00608EC0 /* eyeEx2Tests.swift */,
			);
			path = eyeEx2Tests;
			sourceTree = "<group>";
		};
		68F1558D2C0E1CAD00608EC0 /* eyeEx2UITests */ = {
			isa = PBXGroup;
			children = (
				68F1558E2C0E1CAD00608EC0 /* eyeEx2UITests.swift */,
				68F155902C0E1CAD00608EC0 /* eyeEx2UITestsLaunchTests.swift */,
			);
			path = eyeEx2UITests;
			sourceTree = "<group>";
		};
		FF73C98E071DCFBDC741BB87 /* Pods */ = {
			isa = PBXGroup;
			children = (
			);
			path = Pods;
			sourceTree = "<group>";
		};
/* End PBXGroup section */

/* Begin PBXNativeTarget section */
		68F155692C0E1CAC00608EC0 /* eyeEx2 */ = {
			isa = PBXNativeTarget;
			buildConfigurationList = 68F155942C0E1CAD00608EC0 /* Build configuration list for PBXNativeTarget "eyeEx2" */;
			buildPhases = (
				68F155662C0E1CAC00608EC0 /* Sources */,
				68F155672C0E1CAC00608EC0 /* Frameworks */,
				68F155682C0E1CAC00608EC0 /* Resources */,
			);
			buildRules = (
			);
			dependencies = (
			);
			name = eyeEx2;
			productName = eyeEx2;
			productReference = 68F1556A2C0E1CAC00608EC0 /* eyeEx2.app */;
			productType = "com.apple.product-type.application";
		};
		68F1557F2C0E1CAD00608EC0 /* eyeEx2Tests */ = {
			isa = PBXNativeTarget;
			buildConfigurationList = 68F155972C0E1CAD00608EC0 /* Build configuration list for PBXNativeTarget "eyeEx2Tests" */;
			buildPhases = (
				68F1557C2C0E1CAD00608EC0 /* Sources */,
				68F1557D2C0E1CAD00608EC0 /* Frameworks */,
				68F1557E2C0E1CAD00608EC0 /* Resources */,
			);
			buildRules = (
			);
			dependencies = (
				68F155822C0E1CAD00608EC0 /* PBXTargetDependency */,
			);
			name = eyeEx2Tests;
			productName = eyeEx2Tests;
			productReference = 68F155802C0E1CAD00608EC0 /* eyeEx2Tests.xctest */;
			productType = "com.apple.product-type.bundle.unit-test";
		};
		68F155892C0E1CAD00608EC0 /* eyeEx2UITests */ = {
			isa = PBXNativeTarget;
			buildConfigurationList = 68F1559A2C0E1CAD00608EC0 /* Build configuration list for PBXNativeTarget "eyeEx2UITests" */;
			buildPhases = (
				68F155862C0E1CAD00608EC0 /* Sources */,
				68F155872C0E1CAD00608EC0 /* Frameworks */,
				68F155882C0E1CAD00608EC0 /* Resources */,
			);
			buildRules = (
			);
			dependencies = (
				68F1558C2C0E1CAD00608EC0 /* PBXTargetDependency */,
			);
			name = eyeEx2UITests;
			productName = eyeEx2UITests;
			productReference = 68F1558A2C0E1CAD00608EC0 /* eyeEx2UITests.xctest */;
			productType = "com.apple.product-type.bundle.ui-testing";
		};
/* End PBXNativeTarget section */

/* Begin PBXProject section */
		68F155622C0E1CAC00608EC0 /* Project object */ = {
			isa = PBXProject;
			attributes = {
				BuildIndependentTargetsInParallel = 1;
				LastSwiftUpdateCheck = 1500;
				LastUpgradeCheck = 1500;
				TargetAttributes = {
					68F155692C0E1CAC00608EC0 = {
						CreatedOnToolsVersion = 15.0;
					};
					68F1557F2C0E1CAD00608EC0 = {
						CreatedOnToolsVersion = 15.0;
						TestTargetID = 68F155692C0E1CAC00608EC0;
					};
					68F155892C0E1CAD00608EC0 = {
						CreatedOnToolsVersion = 15.0;
						TestTargetID = 68F155692C0E1CAC00608EC0;
					};
				};
			};
			buildConfigurationList = 68F155652C0E1CAC00608EC0 /* Build configuration list for PBXProject "eyeEx2" */;
			compatibilityVersion = "Xcode 14.0";
			developmentRegion = en;
			hasScannedForEncodings = 0;
			knownRegions = (
				en,
				Base,
			);
			mainGroup = 68F155612C0E1CAC00608EC0;
			productRefGroup = 68F1556B2C0E1CAC00608EC0 /* Products */;
			projectDirPath = "";
			projectRoot = "";
			targets = (
				68F155692C0E1CAC00608EC0 /* eyeEx2 */,
				68F1557F2C0E1CAD00608EC0 /* eyeEx2Tests */,
				68F155892C0E1CAD00608EC0 /* eyeEx2UITests */,
			);
		};
/* End PBXProject section */

/* Begin PBXResourcesBuildPhase section */
		68F155682C0E1CAC00608EC0 /* Resources */ = {
			isa = PBXResourcesBuildPhase;
			buildActionMask = 2147483647;
			files = (
				68F1557A2C0E1CAD00608EC0 /* LaunchScreen.storyboard in Resources */,
				68F155772C0E1CAD00608EC0 /* Assets.xcassets in Resources */,
				68F155752C0E1CAC00608EC0 /* Main.storyboard in Resources */,
			);
			runOnlyForDeploymentPostprocessing = 0;
		};
		68F1557E2C0E1CAD00608EC0 /* Resources */ = {
			isa = PBXResourcesBuildPhase;
			buildActionMask = 2147483647;
			files = (
			);
			runOnlyForDeploymentPostprocessing = 0;
		};
		68F155882C0E1CAD00608EC0 /* Resources */ = {
			isa = PBXResourcesBuildPhase;
			buildActionMask = 2147483647;
			files = (
			);
			runOnlyForDeploymentPostprocessing = 0;
		};
/* End PBXResourcesBuildPhase section */

/* Begin PBXSourcesBuildPhase section */
		68F155662C0E1CAC00608EC0 /* Sources */ = {
			isa = PBXSourcesBuildPhase;
			buildActionMask = 2147483647;
			files = (
				68F155722C0E1CAC00608EC0 /* ViewController.swift in Sources */,
				68F1556E2C0E1CAC00608EC0 /* AppDelegate.swift in Sources */,
				68DAFE272C1D704A004C02A5 /* InfoPopOverVC.swift in Sources */,
				68F155702C0E1CAC00608EC0 /* SceneDelegate.swift in Sources */,
			);
			runOnlyForDeploymentPostprocessing = 0;
		};
		68F1557C2C0E1CAD00608EC0 /* Sources */ = {
			isa = PBXSourcesBuildPhase;
			buildActionMask = 2147483647;
			files = (
				68DAFE282C1D704A004C02A5 /* InfoPopOverVC.swift in Sources */,
				68F155852C0E1CAD00608EC0 /* eyeEx2Tests.swift in Sources */,
			);
			runOnlyForDeploymentPostprocessing = 0;
		};
		68F155862C0E1CAD00608EC0 /* Sources */ = {
			isa = PBXSourcesBuildPhase;
			buildActionMask = 2147483647;
			files = (
				68F155912C0E1CAD00608EC0 /* eyeEx2UITestsLaunchTests.swift in Sources */,
				68DAFE292C1D704A004C02A5 /* InfoPopOverVC.swift in Sources */,
				68F1558F2C0E1CAD00608EC0 /* eyeEx2UITests.swift in Sources */,
			);
			runOnlyForDeploymentPostprocessing = 0;
		};
/* End PBXSourcesBuildPhase section */

/* Begin PBXTargetDependency section */
		68F155822C0E1CAD00608EC0 /* PBXTargetDependency */ = {
			isa = PBXTargetDependency;
			target = 68F155692C0E1CAC00608EC0 /* eyeEx2 */;
			targetProxy = 68F155812C0E1CAD00608EC0 /* PBXContainerItemProxy */;
		};
		68F1558C2C0E1CAD00608EC0 /* PBXTargetDependency */ = {
			isa = PBXTargetDependency;
			target = 68F155692C0E1CAC00608EC0 /* eyeEx2 */;
			targetProxy = 68F1558B2C0E1CAD00608EC0 /* PBXContainerItemProxy */;
		};
/* End PBXTargetDependency section */

/* Begin PBXVariantGroup section */
		68F155732C0E1CAC00608EC0 /* Main.storyboard */ = {
			isa = PBXVariantGroup;
			children = (
				68F155742C0E1CAC00608EC0 /* Base */,
			);
			name = Main.storyboard;
			sourceTree = "<group>";
		};
		68F155782C0E1CAD00608EC0 /* LaunchScreen.storyboard */ = {
			isa = PBXVariantGroup;
			children = (
				68F155792C0E1CAD00608EC0 /* Base */,
			);
			name = LaunchScreen.storyboard;
			sourceTree = "<group>";
		};
/* End PBXVariantGroup section */

/* Begin XCBuildConfiguration section */
		68F155922C0E1CAD00608EC0 /* Debug */ = {
			isa = XCBuildConfiguration;
			buildSettings = {
				ALWAYS_SEARCH_USER_PATHS = NO;
				ASSETCATALOG_COMPILER_GENERATE_SWIFT_ASSET_SYMBOL_EXTENSIONS = YES;
				CLANG_ANALYZER_NONNULL = YES;
				CLANG_ANALYZER_NUMBER_OBJECT_CONVERSION = YES_AGGRESSIVE;
				CLANG_CXX_LANGUAGE_STANDARD = "gnu++20";
				CLANG_ENABLE_MODULES = YES;
				CLANG_ENABLE_OBJC_ARC = YES;
				CLANG_ENABLE_OBJC_WEAK = YES;
				CLANG_WARN_BLOCK_CAPTURE_AUTORELEASING = YES;
				CLANG_WARN_BOOL_CONVERSION = YES;
				CLANG_WARN_COMMA = YES;
				CLANG_WARN_CONSTANT_CONVERSION = YES;
				CLANG_WARN_DEPRECATED_OBJC_IMPLEMENTATIONS = YES;
				CLANG_WARN_DIRECT_OBJC_ISA_USAGE = YES_ERROR;
				CLANG_WARN_DOCUMENTATION_COMMENTS = YES;
				CLANG_WARN_EMPTY_BODY = YES;
				CLANG_WARN_ENUM_CONVERSION = YES;
				CLANG_WARN_INFINITE_RECURSION = YES;
				CLANG_WARN_INT_CONVERSION = YES;
				CLANG_WARN_NON_LITERAL_NULL_CONVERSION = YES;
				CLANG_WARN_OBJC_IMPLICIT_RETAIN_SELF = YES;
				CLANG_WARN_OBJC_LITERAL_CONVERSION = YES;
				CLANG_WARN_OBJC_ROOT_CLASS = YES_ERROR;
				CLANG_WARN_QUOTED_INCLUDE_IN_FRAMEWORK_HEADER = YES;
				CLANG_WARN_RANGE_LOOP_ANALYSIS = YES;
				CLANG_WARN_STRICT_PROTOTYPES = YES;
				CLANG_WARN_SUSPICIOUS_MOVE = YES;
				CLANG_WARN_UNGUARDED_AVAILABILITY = YES_AGGRESSIVE;
				CLANG_WARN_UNREACHABLE_CODE = YES;
				CLANG_WARN__DUPLICATE_METHOD_MATCH = YES;
				COPY_PHASE_STRIP = NO;
				DEBUG_INFORMATION_FORMAT = dwarf;
				ENABLE_STRICT_OBJC_MSGSEND = YES;
				ENABLE_TESTABILITY = YES;
				ENABLE_USER_SCRIPT_SANDBOXING = NO;
				GCC_C_LANGUAGE_STANDARD = gnu17;
				GCC_DYNAMIC_NO_PIC = NO;
				GCC_NO_COMMON_BLOCKS = YES;
				GCC_OPTIMIZATION_LEVEL = 0;
				GCC_PREPROCESSOR_DEFINITIONS = (
					"DEBUG=1",
					"$(inherited)",
				);
				GCC_WARN_64_TO_32_BIT_CONVERSION = YES;
				GCC_WARN_ABOUT_RETURN_TYPE = YES_ERROR;
				GCC_WARN_UNDECLARED_SELECTOR = YES;
				GCC_WARN_UNINITIALIZED_AUTOS = YES_AGGRESSIVE;
				GCC_WARN_UNUSED_FUNCTION = YES;
				GCC_WARN_UNUSED_VARIABLE = YES;
				IPHONEOS_DEPLOYMENT_TARGET = 17.0;
				LOCALIZATION_PREFERS_STRING_CATALOGS = YES;
				MTL_ENABLE_DEBUG_INFO = INCLUDE_SOURCE;
				MTL_FAST_MATH = YES;
				ONLY_ACTIVE_ARCH = YES;
				SDKROOT = iphoneos;
				SWIFT_ACTIVE_COMPILATION_CONDITIONS = "DEBUG $(inherited)";
				SWIFT_OPTIMIZATION_LEVEL = "-Onone";
			};
			name = Debug;
		};
		68F155932C0E1CAD00608EC0 /* Release */ = {
			isa = XCBuildConfiguration;
			buildSettings = {
				ALWAYS_SEARCH_USER_PATHS = NO;
				ASSETCATALOG_COMPILER_GENERATE_SWIFT_ASSET_SYMBOL_EXTENSIONS = YES;
				CLANG_ANALYZER_NONNULL = YES;
				CLANG_ANALYZER_NUMBER_OBJECT_CONVERSION = YES_AGGRESSIVE;
				CLANG_CXX_LANGUAGE_STANDARD = "gnu++20";
				CLANG_ENABLE_MODULES = YES;
				CLANG_ENABLE_OBJC_ARC = YES;
				CLANG_ENABLE_OBJC_WEAK = YES;
				CLANG_WARN_BLOCK_CAPTURE_AUTORELEASING = YES;
				CLANG_WARN_BOOL_CONVERSION = YES;
				CLANG_WARN_COMMA = YES;
				CLANG_WARN_CONSTANT_CONVERSION = YES;
				CLANG_WARN_DEPRECATED_OBJC_IMPLEMENTATIONS = YES;
				CLANG_WARN_DIRECT_OBJC_ISA_USAGE = YES_ERROR;
				CLANG_WARN_DOCUMENTATION_COMMENTS = YES;
				CLANG_WARN_EMPTY_BODY = YES;
				CLANG_WARN_ENUM_CONVERSION = YES;
				CLANG_WARN_INFINITE_RECURSION = YES;
				CLANG_WARN_INT_CONVERSION = YES;
				CLANG_WARN_NON_LITERAL_NULL_CONVERSION = YES;
				CLANG_WARN_OBJC_IMPLICIT_RETAIN_SELF = YES;
				CLANG_WARN_OBJC_LITERAL_CONVERSION = YES;
				CLANG_WARN_OBJC_ROOT_CLASS = YES_ERROR;
				CLANG_WARN_QUOTED_INCLUDE_IN_FRAMEWORK_HEADER = YES;
				CLANG_WARN_RANGE_LOOP_ANALYSIS = YES;
				CLANG_WARN_STRICT_PROTOTYPES = YES;
				CLANG_WARN_SUSPICIOUS_MOVE = YES;
				CLANG_WARN_UNGUARDED_AVAILABILITY = YES_AGGRESSIVE;
				CLANG_WARN_UNREACHABLE_CODE = YES;
				CLANG_WARN__DUPLICATE_METHOD_MATCH = YES;
				COPY_PHASE_STRIP = NO;
				DEBUG_INFORMATION_FORMAT = "dwarf-with-dsym";
				ENABLE_NS_ASSERTIONS = NO;
				ENABLE_STRICT_OBJC_MSGSEND = YES;
				ENABLE_USER_SCRIPT_SANDBOXING = NO;
				GCC_C_LANGUAGE_STANDARD = gnu17;
				GCC_NO_COMMON_BLOCKS = YES;
				GCC_WARN_64_TO_32_BIT_CONVERSION = YES;
				GCC_WARN_ABOUT_RETURN_TYPE = YES_ERROR;
				GCC_WARN_UNDECLARED_SELECTOR = YES;
				GCC_WARN_UNINITIALIZED_AUTOS = YES_AGGRESSIVE;
				GCC_WARN_UNUSED_FUNCTION = YES;
				GCC_WARN_UNUSED_VARIABLE = YES;
				IPHONEOS_DEPLOYMENT_TARGET = 17.0;
				LOCALIZATION_PREFERS_STRING_CATALOGS = YES;
				MTL_ENABLE_DEBUG_INFO = NO;
				MTL_FAST_MATH = YES;
				SDKROOT = iphoneos;
				SWIFT_COMPILATION_MODE = wholemodule;
				VALIDATE_PRODUCT = YES;
			};
			name = Release;
		};
		68F155952C0E1CAD00608EC0 /* Debug */ = {
			isa = XCBuildConfiguration;
			buildSettings = {
				ASSETCATALOG_COMPILER_APPICON_NAME = AppIcon;
				ASSETCATALOG_COMPILER_GLOBAL_ACCENT_COLOR_NAME = AccentColor;
				CODE_SIGN_IDENTITY = "Apple Development";
				CODE_SIGN_STYLE = Automatic;
				CURRENT_PROJECT_VERSION = 1;
				DEVELOPMENT_TEAM = X2BFJ3XDTG;
				GENERATE_INFOPLIST_FILE = YES;
				INFOPLIST_FILE = eyeEx2/Info.plist;
				INFOPLIST_KEY_CFBundleDisplayName = "눈운동";
				INFOPLIST_KEY_UIApplicationSupportsIndirectInputEvents = YES;
				INFOPLIST_KEY_UILaunchStoryboardName = LaunchScreen;
				INFOPLIST_KEY_UIMainStoryboardFile = Main;
				INFOPLIST_KEY_UISupportedInterfaceOrientations_iPad = "UIInterfaceOrientationPortrait UIInterfaceOrientationPortraitUpsideDown UIInterfaceOrientationLandscapeLeft UIInterfaceOrientationLandscapeRight";
				INFOPLIST_KEY_UISupportedInterfaceOrientations_iPhone = "UIInterfaceOrientationPortrait UIInterfaceOrientationLandscapeLeft UIInterfaceOrientationLandscapeRight";
				LD_RUNPATH_SEARCH_PATHS = (
					"$(inherited)",
					"@executable_path/Frameworks",
				);
				MARKETING_VERSION = 1.0;
				PRODUCT_BUNDLE_IDENTIFIER = com.jh.eyeEx2;
				PRODUCT_NAME = "$(TARGET_NAME)";
				PROVISIONING_PROFILE_SPECIFIER = "";
				SWIFT_EMIT_LOC_STRINGS = YES;
				SWIFT_VERSION = 5.0;
				TARGETED_DEVICE_FAMILY = "1,2";
			};
			name = Debug;
		};
		68F155962C0E1CAD00608EC0 /* Release */ = {
			isa = XCBuildConfiguration;
			buildSettings = {
				ASSETCATALOG_COMPILER_APPICON_NAME = AppIcon;
				ASSETCATALOG_COMPILER_GLOBAL_ACCENT_COLOR_NAME = AccentColor;
				CODE_SIGN_IDENTITY = "Apple Development";
				CODE_SIGN_STYLE = Automatic;
				CURRENT_PROJECT_VERSION = 1;
				DEVELOPMENT_TEAM = X2BFJ3XDTG;
				GENERATE_INFOPLIST_FILE = YES;
				INFOPLIST_FILE = eyeEx2/Info.plist;
				INFOPLIST_KEY_CFBundleDisplayName = "눈운동";
				INFOPLIST_KEY_UIApplicationSupportsIndirectInputEvents = YES;
				INFOPLIST_KEY_UILaunchStoryboardName = LaunchScreen;
				INFOPLIST_KEY_UIMainStoryboardFile = Main;
				INFOPLIST_KEY_UISupportedInterfaceOrientations_iPad = "UIInterfaceOrientationPortrait UIInterfaceOrientationPortraitUpsideDown UIInterfaceOrientationLandscapeLeft UIInterfaceOrientationLandscapeRight";
				INFOPLIST_KEY_UISupportedInterfaceOrientations_iPhone = "UIInterfaceOrientationPortrait UIInterfaceOrientationLandscapeLeft UIInterfaceOrientationLandscapeRight";
				LD_RUNPATH_SEARCH_PATHS = (
					"$(inherited)",
					"@executable_path/Frameworks",
				);
				MARKETING_VERSION = 1.0;
				PRODUCT_BUNDLE_IDENTIFIER = com.jh.eyeEx2;
				PRODUCT_NAME = "$(TARGET_NAME)";
				PROVISIONING_PROFILE_SPECIFIER = "";
				SWIFT_EMIT_LOC_STRINGS = YES;
				SWIFT_VERSION = 5.0;
				TARGETED_DEVICE_FAMILY = "1,2";
			};
			name = Release;
		};
		68F155982C0E1CAD00608EC0 /* Debug */ = {
			isa = XCBuildConfiguration;
			buildSettings = {
				ALWAYS_EMBED_SWIFT_STANDARD_LIBRARIES = YES;
				BUNDLE_LOADER = "$(TEST_HOST)";
				CODE_SIGN_STYLE = Automatic;
				CURRENT_PROJECT_VERSION = 1;
				DEVELOPMENT_TEAM = X2BFJ3XDTG;
				GENERATE_INFOPLIST_FILE = YES;
				IPHONEOS_DEPLOYMENT_TARGET = 17.0;
				MARKETING_VERSION = 1.0;
				PRODUCT_BUNDLE_IDENTIFIER = com.jh.eyeEx2Tests;
				PRODUCT_NAME = "$(TARGET_NAME)";
				SWIFT_EMIT_LOC_STRINGS = NO;
				SWIFT_VERSION = 5.0;
				TARGETED_DEVICE_FAMILY = "1,2";
				TEST_HOST = "$(BUILT_PRODUCTS_DIR)/eyeEx2.app/$(BUNDLE_EXECUTABLE_FOLDER_PATH)/eyeEx2";
			};
			name = Debug;
		};
		68F155992C0E1CAD00608EC0 /* Release */ = {
			isa = XCBuildConfiguration;
			buildSettings = {
				ALWAYS_EMBED_SWIFT_STANDARD_LIBRARIES = YES;
				BUNDLE_LOADER = "$(TEST_HOST)";
				CODE_SIGN_STYLE = Automatic;
				CURRENT_PROJECT_VERSION = 1;
				DEVELOPMENT_TEAM = X2BFJ3XDTG;
				GENERATE_INFOPLIST_FILE = YES;
				IPHONEOS_DEPLOYMENT_TARGET = 17.0;
				MARKETING_VERSION = 1.0;
				PRODUCT_BUNDLE_IDENTIFIER = com.jh.eyeEx2Tests;
				PRODUCT_NAME = "$(TARGET_NAME)";
				SWIFT_EMIT_LOC_STRINGS = NO;
				SWIFT_VERSION = 5.0;
				TARGETED_DEVICE_FAMILY = "1,2";
				TEST_HOST = "$(BUILT_PRODUCTS_DIR)/eyeEx2.app/$(BUNDLE_EXECUTABLE_FOLDER_PATH)/eyeEx2";
			};
			name = Release;
		};
		68F1559B2C0E1CAD00608EC0 /* Debug */ = {
			isa = XCBuildConfiguration;
			buildSettings = {
				ALWAYS_EMBED_SWIFT_STANDARD_LIBRARIES = YES;
				CODE_SIGN_STYLE = Automatic;
				CURRENT_PROJECT_VERSION = 1;
				DEVELOPMENT_TEAM = X2BFJ3XDTG;
				GENERATE_INFOPLIST_FILE = YES;
				MARKETING_VERSION = 1.0;
				PRODUCT_BUNDLE_IDENTIFIER = com.jh.eyeEx2UITests;
				PRODUCT_NAME = "$(TARGET_NAME)";
				SWIFT_EMIT_LOC_STRINGS = NO;
				SWIFT_VERSION = 5.0;
				TARGETED_DEVICE_FAMILY = "1,2";
				TEST_TARGET_NAME = eyeEx2;
			};
			name = Debug;
		};
		68F1559C2C0E1CAD00608EC0 /* Release */ = {
			isa = XCBuildConfiguration;
			buildSettings = {
				ALWAYS_EMBED_SWIFT_STANDARD_LIBRARIES = YES;
				CODE_SIGN_STYLE = Automatic;
				CURRENT_PROJECT_VERSION = 1;
				DEVELOPMENT_TEAM = X2BFJ3XDTG;
				GENERATE_INFOPLIST_FILE = YES;
				MARKETING_VERSION = 1.0;
				PRODUCT_BUNDLE_IDENTIFIER = com.jh.eyeEx2UITests;
				PRODUCT_NAME = "$(TARGET_NAME)";
				SWIFT_EMIT_LOC_STRINGS = NO;
				SWIFT_VERSION = 5.0;
				TARGETED_DEVICE_FAMILY = "1,2";
				TEST_TARGET_NAME = eyeEx2;
			};
			name = Release;
		};
/* End XCBuildConfiguration section */

/* Begin XCConfigurationList section */
		68F155652C0E1CAC00608EC0 /* Build configuration list for PBXProject "eyeEx2" */ = {
			isa = XCConfigurationList;
			buildConfigurations = (
				68F155922C0E1CAD00608EC0 /* Debug */,
				68F155932C0E1CAD00608EC0 /* Release */,
			);
			defaultConfigurationIsVisible = 0;
			defaultConfigurationName = Release;
		};
		68F155942C0E1CAD00608EC0 /* Build configuration list for PBXNativeTarget "eyeEx2" */ = {
			isa = XCConfigurationList;
			buildConfigurations = (
				68F155952C0E1CAD00608EC0 /* Debug */,
				68F155962C0E1CAD00608EC0 /* Release */,
			);
			defaultConfigurationIsVisible = 0;
			defaultConfigurationName = Release;
		};
		68F155972C0E1CAD00608EC0 /* Build configuration list for PBXNativeTarget "eyeEx2Tests" */ = {
			isa = XCConfigurationList;
			buildConfigurations = (
				68F155982C0E1CAD00608EC0 /* Debug */,
				68F155992C0E1CAD00608EC0 /* Release */,
			);
			defaultConfigurationIsVisible = 0;
			defaultConfigurationName = Release;
		};
		68F1559A2C0E1CAD00608EC0 /* Build configuration list for PBXNativeTarget "eyeEx2UITests" */ = {
			isa = XCConfigurationList;
			buildConfigurations = (
				68F1559B2C0E1CAD00608EC0 /* Debug */,
				68F1559C2C0E1CAD00608EC0 /* Release */,
			);
			defaultConfigurationIsVisible = 0;
			defaultConfigurationName = Release;
		};
/* End XCConfigurationList section */
	};
	rootObject = 68F155622C0E1CAC00608EC0 /* Project object */;
}
